
Microsoft Visual Studio Solution File, Format Version 12.00
# Visual Studio Version 17
VisualStudioVersion = 17.11.35312.102
MinimumVisualStudioVersion = 10.0.40219.1
Project("{9092AA53-FB77-4645-B42D-1CCCA6BD08BD}") = "AnattaApplicationDeveloperAssignmentChallenge", "AnattaApplicationDeveloperAssignmentChallenge\AnattaApplicationDeveloperAssignmentChallenge.njsproj", "{4BD689D5-64CD-440F-B83A-2E1D3E176253}"
EndProject
Global
	GlobalSection(SolutionConfigurationPlatforms) = preSolution
		Debug|Any CPU = Debug|Any CPU
		Release|Any CPU = Release|Any CPU
	EndGlobalSection
	GlobalSection(ProjectConfigurationPlatforms) = postSolution
		{4BD689D5-64CD-440F-B83A-2E1D3E176253}.Debug|Any CPU.ActiveCfg = Debug|Any CPU
		{4BD689D5-64CD-440F-B83A-2E1D3E176253}.Debug|Any CPU.Build.0 = Debug|Any CPU
		{4BD689D5-64CD-440F-B83A-2E1D3E176253}.Release|Any CPU.ActiveCfg = Release|Any CPU
		{4BD689D5-64CD-440F-B83A-2E1D3E176253}.Release|Any CPU.Build.0 = Release|Any CPU
	EndGlobalSection
	GlobalSection(SolutionProperties) = preSolution
		HideSolutionNode = FALSE
	EndGlobalSection
	GlobalSection(ExtensibilityGlobals) = postSolution
		SolutionGuid = {7AAABFDB-B953-4C53-A7EB-1F185A5315E8}
	EndGlobalSection
EndGlobal
